
Microsoft Visual Studio Solution File, Format Version 12.00
# Visual Studio Version 16
VisualStudioVersion = 16.0.31410.357
MinimumVisualStudioVersion = 10.0.40219.1
Project("{FAE04EC0-301F-11D3-BF4B-00C04F79EFBC}") = "LibraryApp", "LibraryApp\LibraryApp.csproj", "{B82929B2-CCB7-4623-86DC-93D49D7B6B84}"
EndProject
Global
	GlobalSection(SolutionConfigurationPlatforms) = preSolution
		Debug|Any CPU = Debug|Any CPU
		Release|Any CPU = Release|Any CPU
	EndGlobalSection
	GlobalSection(ProjectConfigurationPlatforms) = postSolution
		{B82929B2-CCB7-4623-86DC-93D49D7B6B84}.Debug|Any CPU.ActiveCfg = Debug|Any CPU
		{B82929B2-CCB7-4623-86DC-93D49D7B6B84}.Debug|Any CPU.Build.0 = Debug|Any CPU
		{B82929B2-CCB7-4623-86DC-93D49D7B6B84}.Release|Any CPU.ActiveCfg = Release|Any CPU
		{B82929B2-CCB7-4623-86DC-93D49D7B6B84}.Release|Any CPU.Build.0 = Release|Any CPU
	EndGlobalSection
	GlobalSection(SolutionProperties) = preSolution
		HideSolutionNode = FALSE
	EndGlobalSection
	GlobalSection(ExtensibilityGlobals) = postSolution
		SolutionGuid = {5E60DA1F-A4CA-4AF8-B76D-B7324E5AD978}
	EndGlobalSection
EndGlobal
