
Microsoft Visual Studio Solution File, Format Version 12.00
# Visual Studio 15
VisualStudioVersion = 15.0.28307.1525
MinimumVisualStudioVersion = 10.0.40219.1
Project("{FAE04EC0-301F-11D3-BF4B-00C04F79EFBC}") = "ProgApp", "ProgApp\ProgApp.csproj", "{FFB5911E-4BFA-4E87-BD51-E5FA6BC74DB3}"
EndProject
Global
	GlobalSection(SolutionConfigurationPlatforms) = preSolution
		Debug|Any CPU = Debug|Any CPU
		Release|Any CPU = Release|Any CPU
	EndGlobalSection
	GlobalSection(ProjectConfigurationPlatforms) = postSolution
		{FFB5911E-4BFA-4E87-BD51-E5FA6BC74DB3}.Debug|Any CPU.ActiveCfg = Debug|Any CPU
		{FFB5911E-4BFA-4E87-BD51-E5FA6BC74DB3}.Debug|Any CPU.Build.0 = Debug|Any CPU
		{FFB5911E-4BFA-4E87-BD51-E5FA6BC74DB3}.Release|Any CPU.ActiveCfg = Release|Any CPU
		{FFB5911E-4BFA-4E87-BD51-E5FA6BC74DB3}.Release|Any CPU.Build.0 = Release|Any CPU
	EndGlobalSection
	GlobalSection(SolutionProperties) = preSolution
		HideSolutionNode = FALSE
	EndGlobalSection
	GlobalSection(ExtensibilityGlobals) = postSolution
		SolutionGuid = {30D0231E-9BCC-4652-ABF6-5EA4F37907A2}
	EndGlobalSection
EndGlobal
